
Microsoft Visual Studio Solution File, Format Version 12.00
# Visual Studio Version 17
VisualStudioVersion = 17.8.34322.80
MinimumVisualStudioVersion = 10.0.40219.1
Project("{FAE04EC0-301F-11D3-BF4B-00C04F79EFBC}") = "MVC21BITV03MidTest", "MVC21BITV03MidTest\MVC21BITV03MidTest.csproj", "{3EA67951-235D-4F2A-881D-B6C7CC1D5A7F}"
EndProject
Global
	GlobalSection(SolutionConfigurationPlatforms) = preSolution
		Debug|Any CPU = Debug|Any CPU
		Release|Any CPU = Release|Any CPU
	EndGlobalSection
	GlobalSection(ProjectConfigurationPlatforms) = postSolution
		{3EA67951-235D-4F2A-881D-B6C7CC1D5A7F}.Debug|Any CPU.ActiveCfg = Debug|Any CPU
		{3EA67951-235D-4F2A-881D-B6C7CC1D5A7F}.Debug|Any CPU.Build.0 = Debug|Any CPU
		{3EA67951-235D-4F2A-881D-B6C7CC1D5A7F}.Release|Any CPU.ActiveCfg = Release|Any CPU
		{3EA67951-235D-4F2A-881D-B6C7CC1D5A7F}.Release|Any CPU.Build.0 = Release|Any CPU
	EndGlobalSection
	GlobalSection(SolutionProperties) = preSolution
		HideSolutionNode = FALSE
	EndGlobalSection
	GlobalSection(ExtensibilityGlobals) = postSolution
		SolutionGuid = {D236B3FD-FF49-4573-B270-495135958296}
	EndGlobalSection
EndGlobal
